
Microsoft Visual Studio Solution File, Format Version 12.00
# Visual Studio Version 17
VisualStudioVersion = 17.6.33723.286
MinimumVisualStudioVersion = 10.0.40219.1
Project("{9A19103F-16F7-4668-BE54-9A1E7A4F7556}") = "I18N.DotNet", "Lib\I18N.DotNet.csproj", "{0D615CC9-AEAA-4774-8F3C-FF3DCDA7289A}"
EndProject
Project("{9A19103F-16F7-4668-BE54-9A1E7A4F7556}") = "I18N.DotNet.Test", "Lib.Test\I18N.DotNet.Test.csproj", "{72EA8946-DE8C-46D4-9A51-DC7779F4C945}"
EndProject
Global
	GlobalSection(SolutionConfigurationPlatforms) = preSolution
		Debug|Any CPU = Debug|Any CPU
		Release|Any CPU = Release|Any CPU
	EndGlobalSection
	GlobalSection(ProjectConfigurationPlatforms) = postSolution
		{0D615CC9-AEAA-4774-8F3C-FF3DCDA7289A}.Debug|Any CPU.ActiveCfg = Debug|Any CPU
		{0D615CC9-AEAA-4774-8F3C-FF3DCDA7289A}.Debug|Any CPU.Build.0 = Debug|Any CPU
		{0D615CC9-AEAA-4774-8F3C-FF3DCDA7289A}.Release|Any CPU.ActiveCfg = Release|Any CPU
		{0D615CC9-AEAA-4774-8F3C-FF3DCDA7289A}.Release|Any CPU.Build.0 = Release|Any CPU
		{72EA8946-DE8C-46D4-9A51-DC7779F4C945}.Debug|Any CPU.ActiveCfg = Debug|Any CPU
		{72EA8946-DE8C-46D4-9A51-DC7779F4C945}.Debug|Any CPU.Build.0 = Debug|Any CPU
		{72EA8946-DE8C-46D4-9A51-DC7779F4C945}.Release|Any CPU.ActiveCfg = Release|Any CPU
		{72EA8946-DE8C-46D4-9A51-DC7779F4C945}.Release|Any CPU.Build.0 = Release|Any CPU
	EndGlobalSection
	GlobalSection(SolutionProperties) = preSolution
		HideSolutionNode = FALSE
	EndGlobalSection
	GlobalSection(ExtensibilityGlobals) = postSolution
		SolutionGuid = {63A9BC74-C837-4386-BF11-DB9565A27027}
	EndGlobalSection
EndGlobal
